
Microsoft Visual Studio Solution File, Format Version 12.00
# Visual Studio Version 16
VisualStudioVersion = 16.0.29001.49
MinimumVisualStudioVersion = 10.0.40219.1
Project("{FAE04EC0-301F-11D3-BF4B-00C04F79EFBC}") = "TikiSpawnAs", "TikiSpawnAs\TikiSpawnAs.csproj", "{97421325-B6D8-49E5-ADF0-E2126ABC17EE}"
EndProject
Project("{FAE04EC0-301F-11D3-BF4B-00C04F79EFBC}") = "TikiSpawnElevated", "TikiSpawnElevated\TikiSpawnElevated.csproj", "{1F707405-9708-4A34-A809-2C62B84D4F0A}"
EndProject
Project("{FAE04EC0-301F-11D3-BF4B-00C04F79EFBC}") = "TikiSpawn", "TikiSpawn\TikiSpawn.csproj", "{2EF9D8F7-6B77-4B75-822B-6A53A922C30F}"
EndProject
Project("{FAE04EC0-301F-11D3-BF4B-00C04F79EFBC}") = "TikiLoader", "TikiLoader\TikiLoader.csproj", "{806C6C72-4ADC-43D9-B028-6872FA48D334}"
EndProject
Project("{FAE04EC0-301F-11D3-BF4B-00C04F79EFBC}") = "TikiCpl", "TikiCpl\TikiCpl.csproj", "{40C4388B-769D-4170-8DB1-C659AE8F45C9}"
EndProject
Project("{FAE04EC0-301F-11D3-BF4B-00C04F79EFBC}") = "TikiThings", "TikiThings\TikiThings.csproj", "{06C247DA-E2E1-47F3-BC3C-DA0838A6DF1F}"
EndProject
Project("{FAE04EC0-301F-11D3-BF4B-00C04F79EFBC}") = "TikiVader", "TikiVader\TikiVader.csproj", "{8F5F3A95-F05C-4DCE-8BC3-D0A0D4153DB6}"
EndProject
Project("{FAE04EC0-301F-11D3-BF4B-00C04F79EFBC}") = "TikiService", "TikiService\TikiService.csproj", "{FC700AC6-5182-421F-8853-0AD18CDBEB39}"
EndProject
Global
	GlobalSection(SolutionConfigurationPlatforms) = preSolution
		Debug|Any CPU = Debug|Any CPU
		Debug|x64 = Debug|x64
		Debug|x86 = Debug|x86
		Release|Any CPU = Release|Any CPU
		Release|x64 = Release|x64
		Release|x86 = Release|x86
	EndGlobalSection
	GlobalSection(ProjectConfigurationPlatforms) = postSolution
		{97421325-B6D8-49E5-ADF0-E2126ABC17EE}.Debug|Any CPU.ActiveCfg = Debug|Any CPU
		{97421325-B6D8-49E5-ADF0-E2126ABC17EE}.Debug|Any CPU.Build.0 = Debug|Any CPU
		{97421325-B6D8-49E5-ADF0-E2126ABC17EE}.Debug|x64.ActiveCfg = Debug|Any CPU
		{97421325-B6D8-49E5-ADF0-E2126ABC17EE}.Debug|x64.Build.0 = Debug|Any CPU
		{97421325-B6D8-49E5-ADF0-E2126ABC17EE}.Debug|x86.ActiveCfg = Debug|Any CPU
		{97421325-B6D8-49E5-ADF0-E2126ABC17EE}.Debug|x86.Build.0 = Debug|Any CPU
		{97421325-B6D8-49E5-ADF0-E2126ABC17EE}.Release|Any CPU.ActiveCfg = Release|Any CPU
		{97421325-B6D8-49E5-ADF0-E2126ABC17EE}.Release|Any CPU.Build.0 = Release|Any CPU
		{97421325-B6D8-49E5-ADF0-E2126ABC17EE}.Release|x64.ActiveCfg = Release|Any CPU
		{97421325-B6D8-49E5-ADF0-E2126ABC17EE}.Release|x64.Build.0 = Release|Any CPU
		{97421325-B6D8-49E5-ADF0-E2126ABC17EE}.Release|x86.ActiveCfg = Release|Any CPU
		{97421325-B6D8-49E5-ADF0-E2126ABC17EE}.Release|x86.Build.0 = Release|Any CPU
		{1F707405-9708-4A34-A809-2C62B84D4F0A}.Debug|Any CPU.ActiveCfg = Debug|Any CPU
		{1F707405-9708-4A34-A809-2C62B84D4F0A}.Debug|Any CPU.Build.0 = Debug|Any CPU
		{1F707405-9708-4A34-A809-2C62B84D4F0A}.Debug|x64.ActiveCfg = Debug|Any CPU
		{1F707405-9708-4A34-A809-2C62B84D4F0A}.Debug|x64.Build.0 = Debug|Any CPU
		{1F707405-9708-4A34-A809-2C62B84D4F0A}.Debug|x86.ActiveCfg = Debug|Any CPU
		{1F707405-9708-4A34-A809-2C62B84D4F0A}.Debug|x86.Build.0 = Debug|Any CPU
		{1F707405-9708-4A34-A809-2C62B84D4F0A}.Release|Any CPU.ActiveCfg = Release|Any CPU
		{1F707405-9708-4A34-A809-2C62B84D4F0A}.Release|Any CPU.Build.0 = Release|Any CPU
		{1F707405-9708-4A34-A809-2C62B84D4F0A}.Release|x64.ActiveCfg = Release|Any CPU
		{1F707405-9708-4A34-A809-2C62B84D4F0A}.Release|x64.Build.0 = Release|Any CPU
		{1F707405-9708-4A34-A809-2C62B84D4F0A}.Release|x86.ActiveCfg = Release|Any CPU
		{1F707405-9708-4A34-A809-2C62B84D4F0A}.Release|x86.Build.0 = Release|Any CPU
		{2EF9D8F7-6B77-4B75-822B-6A53A922C30F}.Debug|Any CPU.ActiveCfg = Debug|Any CPU
		{2EF9D8F7-6B77-4B75-822B-6A53A922C30F}.Debug|Any CPU.Build.0 = Debug|Any CPU
		{2EF9D8F7-6B77-4B75-822B-6A53A922C30F}.Debug|x64.ActiveCfg = Debug|Any CPU
		{2EF9D8F7-6B77-4B75-822B-6A53A922C30F}.Debug|x64.Build.0 = Debug|Any CPU
		{2EF9D8F7-6B77-4B75-822B-6A53A922C30F}.Debug|x86.ActiveCfg = Debug|Any CPU
		{2EF9D8F7-6B77-4B75-822B-6A53A922C30F}.Debug|x86.Build.0 = Debug|Any CPU
		{2EF9D8F7-6B77-4B75-822B-6A53A922C30F}.Release|Any CPU.ActiveCfg = Release|Any CPU
		{2EF9D8F7-6B77-4B75-822B-6A53A922C30F}.Release|Any CPU.Build.0 = Release|Any CPU
		{2EF9D8F7-6B77-4B75-822B-6A53A922C30F}.Release|x64.ActiveCfg = Release|Any CPU
		{2EF9D8F7-6B77-4B75-822B-6A53A922C30F}.Release|x64.Build.0 = Release|Any CPU
		{2EF9D8F7-6B77-4B75-822B-6A53A922C30F}.Release|x86.ActiveCfg = Release|Any CPU
		{2EF9D8F7-6B77-4B75-822B-6A53A922C30F}.Release|x86.Build.0 = Release|Any CPU
		{806C6C72-4ADC-43D9-B028-6872FA48D334}.Debug|Any CPU.ActiveCfg = Debug|Any CPU
		{806C6C72-4ADC-43D9-B028-6872FA48D334}.Debug|Any CPU.Build.0 = Debug|Any CPU
		{806C6C72-4ADC-43D9-B028-6872FA48D334}.Debug|x64.ActiveCfg = Debug|Any CPU
		{806C6C72-4ADC-43D9-B028-6872FA48D334}.Debug|x64.Build.0 = Debug|Any CPU
		{806C6C72-4ADC-43D9-B028-6872FA48D334}.Debug|x86.ActiveCfg = Debug|Any CPU
		{806C6C72-4ADC-43D9-B028-6872FA48D334}.Debug|x86.Build.0 = Debug|Any CPU
		{806C6C72-4ADC-43D9-B028-6872FA48D334}.Release|Any CPU.ActiveCfg = Release|Any CPU
		{806C6C72-4ADC-43D9-B028-6872FA48D334}.Release|Any CPU.Build.0 = Release|Any CPU
		{806C6C72-4ADC-43D9-B028-6872FA48D334}.Release|x64.ActiveCfg = Release|Any CPU
		{806C6C72-4ADC-43D9-B028-6872FA48D334}.Release|x64.Build.0 = Release|Any CPU
		{806C6C72-4ADC-43D9-B028-6872FA48D334}.Release|x86.ActiveCfg = Release|Any CPU
		{806C6C72-4ADC-43D9-B028-6872FA48D334}.Release|x86.Build.0 = Release|Any CPU
		{40C4388B-769D-4170-8DB1-C659AE8F45C9}.Debug|Any CPU.ActiveCfg = Debug|Any CPU
		{40C4388B-769D-4170-8DB1-C659AE8F45C9}.Debug|Any CPU.Build.0 = Debug|Any CPU
		{40C4388B-769D-4170-8DB1-C659AE8F45C9}.Debug|x64.ActiveCfg = Debug|Any CPU
		{40C4388B-769D-4170-8DB1-C659AE8F45C9}.Debug|x64.Build.0 = Debug|Any CPU
		{40C4388B-769D-4170-8DB1-C659AE8F45C9}.Debug|x86.ActiveCfg = Debug|Any CPU
		{40C4388B-769D-4170-8DB1-C659AE8F45C9}.Debug|x86.Build.0 = Debug|Any CPU
		{40C4388B-769D-4170-8DB1-C659AE8F45C9}.Release|Any CPU.ActiveCfg = Release|Any CPU
		{40C4388B-769D-4170-8DB1-C659AE8F45C9}.Release|Any CPU.Build.0 = Release|Any CPU
		{40C4388B-769D-4170-8DB1-C659AE8F45C9}.Release|x64.ActiveCfg = Release|Any CPU
		{40C4388B-769D-4170-8DB1-C659AE8F45C9}.Release|x64.Build.0 = Release|Any CPU
		{40C4388B-769D-4170-8DB1-C659AE8F45C9}.Release|x86.ActiveCfg = Release|Any CPU
		{40C4388B-769D-4170-8DB1-C659AE8F45C9}.Release|x86.Build.0 = Release|Any CPU
		{06C247DA-E2E1-47F3-BC3C-DA0838A6DF1F}.Debug|Any CPU.ActiveCfg = Debug|Any CPU
		{06C247DA-E2E1-47F3-BC3C-DA0838A6DF1F}.Debug|Any CPU.Build.0 = Debug|Any CPU
		{06C247DA-E2E1-47F3-BC3C-DA0838A6DF1F}.Debug|x64.ActiveCfg = Debug|Any CPU
		{06C247DA-E2E1-47F3-BC3C-DA0838A6DF1F}.Debug|x64.Build.0 = Debug|Any CPU
		{06C247DA-E2E1-47F3-BC3C-DA0838A6DF1F}.Debug|x86.ActiveCfg = Debug|Any CPU
		{06C247DA-E2E1-47F3-BC3C-DA0838A6DF1F}.Debug|x86.Build.0 = Debug|Any CPU
		{06C247DA-E2E1-47F3-BC3C-DA0838A6DF1F}.Release|Any CPU.ActiveCfg = Release|Any CPU
		{06C247DA-E2E1-47F3-BC3C-DA0838A6DF1F}.Release|Any CPU.Build.0 = Release|Any CPU
		{06C247DA-E2E1-47F3-BC3C-DA0838A6DF1F}.Release|x64.ActiveCfg = Release|Any CPU
		{06C247DA-E2E1-47F3-BC3C-DA0838A6DF1F}.Release|x64.Build.0 = Release|Any CPU
		{06C247DA-E2E1-47F3-BC3C-DA0838A6DF1F}.Release|x86.ActiveCfg = Release|Any CPU
		{06C247DA-E2E1-47F3-BC3C-DA0838A6DF1F}.Release|x86.Build.0 = Release|Any CPU
		{8F5F3A95-F05C-4DCE-8BC3-D0A0D4153DB6}.Debug|Any CPU.ActiveCfg = Debug|Any CPU
		{8F5F3A95-F05C-4DCE-8BC3-D0A0D4153DB6}.Debug|Any CPU.Build.0 = Debug|Any CPU
		{8F5F3A95-F05C-4DCE-8BC3-D0A0D4153DB6}.Debug|x64.ActiveCfg = Debug|Any CPU
		{8F5F3A95-F05C-4DCE-8BC3-D0A0D4153DB6}.Debug|x64.Build.0 = Debug|Any CPU
		{8F5F3A95-F05C-4DCE-8BC3-D0A0D4153DB6}.Debug|x86.ActiveCfg = Debug|Any CPU
		{8F5F3A95-F05C-4DCE-8BC3-D0A0D4153DB6}.Debug|x86.Build.0 = Debug|Any CPU
		{8F5F3A95-F05C-4DCE-8BC3-D0A0D4153DB6}.Release|Any CPU.ActiveCfg = Release|Any CPU
		{8F5F3A95-F05C-4DCE-8BC3-D0A0D4153DB6}.Release|Any CPU.Build.0 = Release|Any CPU
		{8F5F3A95-F05C-4DCE-8BC3-D0A0D4153DB6}.Release|x64.ActiveCfg = Release|Any CPU
		{8F5F3A95-F05C-4DCE-8BC3-D0A0D4153DB6}.Release|x64.Build.0 = Release|Any CPU
		{8F5F3A95-F05C-4DCE-8BC3-D0A0D4153DB6}.Release|x86.ActiveCfg = Release|Any CPU
		{8F5F3A95-F05C-4DCE-8BC3-D0A0D4153DB6}.Release|x86.Build.0 = Release|Any CPU
		{FC700AC6-5182-421F-8853-0AD18CDBEB39}.Debug|Any CPU.ActiveCfg = Debug|Any CPU
		{FC700AC6-5182-421F-8853-0AD18CDBEB39}.Debug|Any CPU.Build.0 = Debug|Any CPU
		{FC700AC6-5182-421F-8853-0AD18CDBEB39}.Debug|x64.ActiveCfg = Debug|Any CPU
		{FC700AC6-5182-421F-8853-0AD18CDBEB39}.Debug|x64.Build.0 = Debug|Any CPU
		{FC700AC6-5182-421F-8853-0AD18CDBEB39}.Debug|x86.ActiveCfg = Debug|Any CPU
		{FC700AC6-5182-421F-8853-0AD18CDBEB39}.Debug|x86.Build.0 = Debug|Any CPU
		{FC700AC6-5182-421F-8853-0AD18CDBEB39}.Release|Any CPU.ActiveCfg = Release|Any CPU
		{FC700AC6-5182-421F-8853-0AD18CDBEB39}.Release|Any CPU.Build.0 = Release|Any CPU
		{FC700AC6-5182-421F-8853-0AD18CDBEB39}.Release|x64.ActiveCfg = Release|Any CPU
		{FC700AC6-5182-421F-8853-0AD18CDBEB39}.Release|x64.Build.0 = Release|Any CPU
		{FC700AC6-5182-421F-8853-0AD18CDBEB39}.Release|x86.ActiveCfg = Release|Any CPU
		{FC700AC6-5182-421F-8853-0AD18CDBEB39}.Release|x86.Build.0 = Release|Any CPU
	EndGlobalSection
	GlobalSection(SolutionProperties) = preSolution
		HideSolutionNode = FALSE
	EndGlobalSection
	GlobalSection(ExtensibilityGlobals) = postSolution
		SolutionGuid = {B23C463A-471E-433A-853D-C4746BF1997D}
	EndGlobalSection
EndGlobal
