
Microsoft Visual Studio Solution File, Format Version 12.00
# Visual Studio Version 16
VisualStudioVersion = 16.0.29001.49
MinimumVisualStudioVersion = 10.0.40219.1
Project("{FAE04EC0-301F-11D3-BF4B-00C04F79EFBC}") = "TikiLoader", "TikiLoader\TikiLoader.csproj", "{806C6C72-4ADC-43D9-B028-6872FA48D334}"
EndProject
Project("{FAE04EC0-301F-11D3-BF4B-00C04F79EFBC}") = "TikiSpawn", "TikiSpawn\TikiSpawn.csproj", "{50FFBFAD-6B98-493D-B93B-2E252FC1EF9C}"
EndProject
Global
	GlobalSection(SolutionConfigurationPlatforms) = preSolution
		Debug|Any CPU = Debug|Any CPU
		Debug|x64 = Debug|x64
		Debug|x86 = Debug|x86
		Release|Any CPU = Release|Any CPU
		Release|x64 = Release|x64
		Release|x86 = Release|x86
	EndGlobalSection
	GlobalSection(ProjectConfigurationPlatforms) = postSolution
		{806C6C72-4ADC-43D9-B028-6872FA48D334}.Debug|Any CPU.ActiveCfg = Debug|Any CPU
		{806C6C72-4ADC-43D9-B028-6872FA48D334}.Debug|Any CPU.Build.0 = Debug|Any CPU
		{806C6C72-4ADC-43D9-B028-6872FA48D334}.Debug|x64.ActiveCfg = Debug|Any CPU
		{806C6C72-4ADC-43D9-B028-6872FA48D334}.Debug|x64.Build.0 = Debug|Any CPU
		{806C6C72-4ADC-43D9-B028-6872FA48D334}.Debug|x86.ActiveCfg = Debug|Any CPU
		{806C6C72-4ADC-43D9-B028-6872FA48D334}.Debug|x86.Build.0 = Debug|Any CPU
		{806C6C72-4ADC-43D9-B028-6872FA48D334}.Release|Any CPU.ActiveCfg = Release|Any CPU
		{806C6C72-4ADC-43D9-B028-6872FA48D334}.Release|Any CPU.Build.0 = Release|Any CPU
		{806C6C72-4ADC-43D9-B028-6872FA48D334}.Release|x64.ActiveCfg = Release|Any CPU
		{806C6C72-4ADC-43D9-B028-6872FA48D334}.Release|x64.Build.0 = Release|Any CPU
		{806C6C72-4ADC-43D9-B028-6872FA48D334}.Release|x86.ActiveCfg = Release|Any CPU
		{806C6C72-4ADC-43D9-B028-6872FA48D334}.Release|x86.Build.0 = Release|Any CPU
		{50FFBFAD-6B98-493D-B93B-2E252FC1EF9C}.Debug|Any CPU.ActiveCfg = Debug|Any CPU
		{50FFBFAD-6B98-493D-B93B-2E252FC1EF9C}.Debug|Any CPU.Build.0 = Debug|Any CPU
		{50FFBFAD-6B98-493D-B93B-2E252FC1EF9C}.Debug|x64.ActiveCfg = Debug|Any CPU
		{50FFBFAD-6B98-493D-B93B-2E252FC1EF9C}.Debug|x64.Build.0 = Debug|Any CPU
		{50FFBFAD-6B98-493D-B93B-2E252FC1EF9C}.Debug|x86.ActiveCfg = Debug|Any CPU
		{50FFBFAD-6B98-493D-B93B-2E252FC1EF9C}.Debug|x86.Build.0 = Debug|Any CPU
		{50FFBFAD-6B98-493D-B93B-2E252FC1EF9C}.Release|Any CPU.ActiveCfg = Release|Any CPU
		{50FFBFAD-6B98-493D-B93B-2E252FC1EF9C}.Release|Any CPU.Build.0 = Release|Any CPU
		{50FFBFAD-6B98-493D-B93B-2E252FC1EF9C}.Release|x64.ActiveCfg = Release|Any CPU
		{50FFBFAD-6B98-493D-B93B-2E252FC1EF9C}.Release|x64.Build.0 = Release|Any CPU
		{50FFBFAD-6B98-493D-B93B-2E252FC1EF9C}.Release|x86.ActiveCfg = Release|Any CPU
		{50FFBFAD-6B98-493D-B93B-2E252FC1EF9C}.Release|x86.Build.0 = Release|Any CPU
	EndGlobalSection
	GlobalSection(SolutionProperties) = preSolution
		HideSolutionNode = FALSE
	EndGlobalSection
	GlobalSection(ExtensibilityGlobals) = postSolution
		SolutionGuid = {B23C463A-471E-433A-853D-C4746BF1997D}
	EndGlobalSection
EndGlobal
